{
  "name": "functions",
  "lockfileVersion": 3,
  "requires": true,
  "packages": {
    "": {
      "dependencies": {
        "qr-attendance-functions": "file:.."
      }
    },
    "..": {
      "name": "qr-attendance-functions",
      "dependencies": {
        "csv-stringify": "^6.5.0",
        "firebase": "^12.9.0",
        "firebase-admin": "^12.1.0",
        "firebase-functions": "^5.0.1"
      },
      "devDependencies": {
        "@eslint/js": "^9.9.0",
        "@types/node": "^20.12.7",
        "eslint": "^9.9.0",
        "eslint-config-prettier": "^9.1.0",
        "typescript": "^5.5.4"
      },
      "engines": {
        "node": "20"
      }
    },
    "node_modules/qr-attendance-functions": {
      "resolved": "..",
      "link": true
    }
  }
}
